// !$*UTF8*$!
{
	archiveVersion = 1;
	classes = {
	};
	objectVersion = 54;
	objects = {

/* Begin PBXBuildFile section */
		4A111211A71CB60149AD4601 /* libPods-WorldpayCSETests.a in Frameworks */ = {isa = PBXBuildFile; fileRef = 56EC649C909BAFE2F4B329E1 /* libPods-WorldpayCSETests.a */; };
		6051F88A2CB6632700709BC3 /* OpenSSL in Frameworks */ = {isa = PBXBuildFile; productRef = 6051F8892CB6632700709BC3 /* OpenSSL */; };
		60707FFC2CB66D28004C8578 /* AESGCM.h in Headers */ = {isa = PBXBuildFile; fileRef = 60707FD62CB66D28004C8578 /* AESGCM.h */; };
		60707FFD2CB66D28004C8578 /* AESGCM.m in Sources */ = {isa = PBXBuildFile; fileRef = 60707FD72CB66D28004C8578 /* AESGCM.m */; };
		60707FFE2CB66D28004C8578 /* NSData+Base64URL.h in Headers */ = {isa = PBXBuildFile; fileRef = 60707FD82CB66D28004C8578 /* NSData+Base64URL.h */; };
		60707FFF2CB66D28004C8578 /* NSData+Base64URL.m in Sources */ = {isa = PBXBuildFile; fileRef = 60707FD92CB66D28004C8578 /* NSData+Base64URL.m */; };
		607080002CB66D28004C8578 /* NSDictionary+JSON.h in Headers */ = {isa = PBXBuildFile; fileRef = 60707FDA2CB66D28004C8578 /* NSDictionary+JSON.h */; };
		607080012CB66D28004C8578 /* NSDictionary+JSON.m in Sources */ = {isa = PBXBuildFile; fileRef = 60707FDB2CB66D28004C8578 /* NSDictionary+JSON.m */; };
		607080022CB66D28004C8578 /* NSError+WP.h in Headers */ = {isa = PBXBuildFile; fileRef = 60707FDC2CB66D28004C8578 /* NSError+WP.h */; };
		607080032CB66D28004C8578 /* NSError+WP.m in Sources */ = {isa = PBXBuildFile; fileRef = 60707FDD2CB66D28004C8578 /* NSError+WP.m */; };
		607080042CB66D28004C8578 /* NSString+Base64URL.h in Headers */ = {isa = PBXBuildFile; fileRef = 60707FDE2CB66D28004C8578 /* NSString+Base64URL.h */; };
		607080052CB66D28004C8578 /* NSString+Base64URL.m in Sources */ = {isa = PBXBuildFile; fileRef = 60707FDF2CB66D28004C8578 /* NSString+Base64URL.m */; };
		607080062CB66D28004C8578 /* NSString+WP.h in Headers */ = {isa = PBXBuildFile; fileRef = 60707FE02CB66D28004C8578 /* NSString+WP.h */; };
		607080072CB66D28004C8578 /* NSString+WP.m in Sources */ = {isa = PBXBuildFile; fileRef = 60707FE12CB66D28004C8578 /* NSString+WP.m */; };
		607080082CB66D28004C8578 /* RSA1_5.h in Headers */ = {isa = PBXBuildFile; fileRef = 60707FE22CB66D28004C8578 /* RSA1_5.h */; };
		607080092CB66D28004C8578 /* RSA1_5.m in Sources */ = {isa = PBXBuildFile; fileRef = 60707FE32CB66D28004C8578 /* RSA1_5.m */; };
		6070800A2CB66D28004C8578 /* WorldpayCSE.h in Headers */ = {isa = PBXBuildFile; fileRef = 60707FE42CB66D28004C8578 /* WorldpayCSE.h */; };
		6070800B2CB66D28004C8578 /* WorldpayCSE.m in Sources */ = {isa = PBXBuildFile; fileRef = 60707FE52CB66D28004C8578 /* WorldpayCSE.m */; };
		6070800C2CB66D28004C8578 /* WPAESEncrypter.h in Headers */ = {isa = PBXBuildFile; fileRef = 60707FE62CB66D28004C8578 /* WPAESEncrypter.h */; };
		6070800D2CB66D28004C8578 /* WPAESEncrypter.m in Sources */ = {isa = PBXBuildFile; fileRef = 60707FE72CB66D28004C8578 /* WPAESEncrypter.m */; };
		6070800E2CB66D28004C8578 /* WPCardData.h in Headers */ = {isa = PBXBuildFile; fileRef = 60707FE82CB66D28004C8578 /* WPCardData.h */; };
		6070800F2CB66D28004C8578 /* WPCardData.m in Sources */ = {isa = PBXBuildFile; fileRef = 60707FE92CB66D28004C8578 /* WPCardData.m */; };
		607080102CB66D28004C8578 /* WPCardValidator.h in Headers */ = {isa = PBXBuildFile; fileRef = 60707FEA2CB66D28004C8578 /* WPCardValidator.h */; };
		607080112CB66D28004C8578 /* WPCardValidator.m in Sources */ = {isa = PBXBuildFile; fileRef = 60707FEB2CB66D28004C8578 /* WPCardValidator.m */; };
		607080122CB66D28004C8578 /* WPConstants.h in Headers */ = {isa = PBXBuildFile; fileRef = 60707FEC2CB66D28004C8578 /* WPConstants.h */; };
		607080132CB66D28004C8578 /* WPConstants.m in Sources */ = {isa = PBXBuildFile; fileRef = 60707FED2CB66D28004C8578 /* WPConstants.m */; };
		607080142CB66D28004C8578 /* WPCryptoUtils.h in Headers */ = {isa = PBXBuildFile; fileRef = 60707FEE2CB66D28004C8578 /* WPCryptoUtils.h */; };
		607080152CB66D28004C8578 /* WPCryptoUtils.m in Sources */ = {isa = PBXBuildFile; fileRef = 60707FEF2CB66D28004C8578 /* WPCryptoUtils.m */; };
		607080162CB66D28004C8578 /* WPErrorCodes.h in Headers */ = {isa = PBXBuildFile; fileRef = 60707FF02CB66D28004C8578 /* WPErrorCodes.h */; };
		607080172CB66D28004C8578 /* WPJWEHeader.h in Headers */ = {isa = PBXBuildFile; fileRef = 60707FF12CB66D28004C8578 /* WPJWEHeader.h */; };
		607080182CB66D28004C8578 /* WPJWEHeader.m in Sources */ = {isa = PBXBuildFile; fileRef = 60707FF22CB66D28004C8578 /* WPJWEHeader.m */; };
		607080192CB66D28004C8578 /* WPJWEObject.h in Headers */ = {isa = PBXBuildFile; fileRef = 60707FF32CB66D28004C8578 /* WPJWEObject.h */; };
		6070801A2CB66D28004C8578 /* WPJWEObject.m in Sources */ = {isa = PBXBuildFile; fileRef = 60707FF42CB66D28004C8578 /* WPJWEObject.m */; };
		6070801B2CB66D28004C8578 /* WPKeyGen.h in Headers */ = {isa = PBXBuildFile; fileRef = 60707FF52CB66D28004C8578 /* WPKeyGen.h */; };
		6070801C2CB66D28004C8578 /* WPKeyGen.m in Sources */ = {isa = PBXBuildFile; fileRef = 60707FF62CB66D28004C8578 /* WPKeyGen.m */; };
		6070801D2CB66D28004C8578 /* WPPublicKey.h in Headers */ = {isa = PBXBuildFile; fileRef = 60707FF72CB66D28004C8578 /* WPPublicKey.h */; };
		6070801E2CB66D28004C8578 /* WPPublicKey.m in Sources */ = {isa = PBXBuildFile; fileRef = 60707FF82CB66D28004C8578 /* WPPublicKey.m */; };
		6070801F2CB66D28004C8578 /* WPRSAEncrypter.h in Headers */ = {isa = PBXBuildFile; fileRef = 60707FF92CB66D28004C8578 /* WPRSAEncrypter.h */; };
		607080202CB66D28004C8578 /* WPRSAEncrypter.m in Sources */ = {isa = PBXBuildFile; fileRef = 60707FFA2CB66D28004C8578 /* WPRSAEncrypter.m */; };
		769D8AF51D22D918009B0AB6 /* WorldpayCSE.framework in Frameworks */ = {isa = PBXBuildFile; fileRef = 769D8AEA1D22D918009B0AB6 /* WorldpayCSE.framework */; };
		769D8AFA1D22D918009B0AB6 /* WorldpayCSETests.m in Sources */ = {isa = PBXBuildFile; fileRef = 769D8AF91D22D918009B0AB6 /* WorldpayCSETests.m */; };
		769D8B1A1D22D9B4009B0AB6 /* WPCardValidatorTests.m in Sources */ = {isa = PBXBuildFile; fileRef = 769D8B041D22D9B4009B0AB6 /* WPCardValidatorTests.m */; };
		769D8B1B1D22D9B4009B0AB6 /* WPCardDataTests.m in Sources */ = {isa = PBXBuildFile; fileRef = 769D8B061D22D9B4009B0AB6 /* WPCardDataTests.m */; };
		769D8B1C1D22D9B4009B0AB6 /* WPJWEHeaderTests.m in Sources */ = {isa = PBXBuildFile; fileRef = 769D8B071D22D9B4009B0AB6 /* WPJWEHeaderTests.m */; };
		769D8B1D1D22D9B4009B0AB6 /* WPJWEObjectTests.m in Sources */ = {isa = PBXBuildFile; fileRef = 769D8B091D22D9B4009B0AB6 /* WPJWEObjectTests.m */; };
		769D8B1E1D22D9B4009B0AB6 /* AESGSMTests.m in Sources */ = {isa = PBXBuildFile; fileRef = 769D8B0B1D22D9B4009B0AB6 /* AESGSMTests.m */; };
		769D8B1F1D22D9B4009B0AB6 /* RSA1_5Tests.m in Sources */ = {isa = PBXBuildFile; fileRef = 769D8B0C1D22D9B4009B0AB6 /* RSA1_5Tests.m */; };
		769D8B201D22D9B4009B0AB6 /* WPAESEncrypterTests.m in Sources */ = {isa = PBXBuildFile; fileRef = 769D8B0D1D22D9B4009B0AB6 /* WPAESEncrypterTests.m */; };
		769D8B211D22D9B4009B0AB6 /* WPCryptoUtilsTests.m in Sources */ = {isa = PBXBuildFile; fileRef = 769D8B0E1D22D9B4009B0AB6 /* WPCryptoUtilsTests.m */; };
		769D8B221D22D9B4009B0AB6 /* WPKeyGenTests.m in Sources */ = {isa = PBXBuildFile; fileRef = 769D8B0F1D22D9B4009B0AB6 /* WPKeyGenTests.m */; };
		769D8B231D22D9B4009B0AB6 /* WPPrivateKey.m in Sources */ = {isa = PBXBuildFile; fileRef = 769D8B111D22D9B4009B0AB6 /* WPPrivateKey.m */; };
		769D8B241D22D9B4009B0AB6 /* WPRSAEncrypterTests.m in Sources */ = {isa = PBXBuildFile; fileRef = 769D8B121D22D9B4009B0AB6 /* WPRSAEncrypterTests.m */; };
		769D8B251D22D9B4009B0AB6 /* WPRSAPublicKeyTests.m in Sources */ = {isa = PBXBuildFile; fileRef = 769D8B131D22D9B4009B0AB6 /* WPRSAPublicKeyTests.m */; };
		769D8B261D22D9B4009B0AB6 /* NSDataBase64URLTests.m in Sources */ = {isa = PBXBuildFile; fileRef = 769D8B151D22D9B4009B0AB6 /* NSDataBase64URLTests.m */; };
		769D8B271D22D9B4009B0AB6 /* NSDictionaryJSONTests.m in Sources */ = {isa = PBXBuildFile; fileRef = 769D8B161D22D9B4009B0AB6 /* NSDictionaryJSONTests.m */; };
		769D8B281D22D9B4009B0AB6 /* NSErrorWPTests.m in Sources */ = {isa = PBXBuildFile; fileRef = 769D8B171D22D9B4009B0AB6 /* NSErrorWPTests.m */; };
		769D8B291D22D9B4009B0AB6 /* NSStringBase64URLTests.m in Sources */ = {isa = PBXBuildFile; fileRef = 769D8B181D22D9B4009B0AB6 /* NSStringBase64URLTests.m */; };
		769D8B2A1D22D9B4009B0AB6 /* NSStringWP.m in Sources */ = {isa = PBXBuildFile; fileRef = 769D8B191D22D9B4009B0AB6 /* NSStringWP.m */; };
		C5F4B0B679C62D418961A063 /* libPods-WorldpayCSE.a in Frameworks */ = {isa = PBXBuildFile; fileRef = 942EEF679CA7CD0EEE8A0340 /* libPods-WorldpayCSE.a */; };
/* End PBXBuildFile section */

/* Begin PBXContainerItemProxy section */
		769D8AF61D22D918009B0AB6 /* PBXContainerItemProxy */ = {
			isa = PBXContainerItemProxy;
			containerPortal = 769D8AE11D22D918009B0AB6 /* Project object */;
			proxyType = 1;
			remoteGlobalIDString = 769D8AE91D22D918009B0AB6;
			remoteInfo = WorldpayCSE;
		};
/* End PBXContainerItemProxy section */

/* Begin PBXFileReference section */
		056A333515782B922A2D5C9A /* Pods-WorldpayCSE.debug.xcconfig */ = {isa = PBXFileReference; includeInIndex = 1; lastKnownFileType = text.xcconfig; name = "Pods-WorldpayCSE.debug.xcconfig"; path = "Pods/Target Support Files/Pods-WorldpayCSE/Pods-WorldpayCSE.debug.xcconfig"; sourceTree = "<group>"; };
		43089A58822E656A099371DC /* Pods-WorldpayCSE.release.xcconfig */ = {isa = PBXFileReference; includeInIndex = 1; lastKnownFileType = text.xcconfig; name = "Pods-WorldpayCSE.release.xcconfig"; path = "Pods/Target Support Files/Pods-WorldpayCSE/Pods-WorldpayCSE.release.xcconfig"; sourceTree = "<group>"; };
		56EC649C909BAFE2F4B329E1 /* libPods-WorldpayCSETests.a */ = {isa = PBXFileReference; explicitFileType = archive.ar; includeInIndex = 0; path = "libPods-WorldpayCSETests.a"; sourceTree = BUILT_PRODUCTS_DIR; };
		60707FD62CB66D28004C8578 /* AESGCM.h */ = {isa = PBXFileReference; fileEncoding = 4; lastKnownFileType = sourcecode.c.h; path = AESGCM.h; sourceTree = "<group>"; };
		60707FD72CB66D28004C8578 /* AESGCM.m */ = {isa = PBXFileReference; fileEncoding = 4; lastKnownFileType = sourcecode.c.objc; path = AESGCM.m; sourceTree = "<group>"; };
		60707FD82CB66D28004C8578 /* NSData+Base64URL.h */ = {isa = PBXFileReference; fileEncoding = 4; lastKnownFileType = sourcecode.c.h; path = "NSData+Base64URL.h"; sourceTree = "<group>"; };
		60707FD92CB66D28004C8578 /* NSData+Base64URL.m */ = {isa = PBXFileReference; fileEncoding = 4; lastKnownFileType = sourcecode.c.objc; path = "NSData+Base64URL.m"; sourceTree = "<group>"; };
		60707FDA2CB66D28004C8578 /* NSDictionary+JSON.h */ = {isa = PBXFileReference; fileEncoding = 4; lastKnownFileType = sourcecode.c.h; path = "NSDictionary+JSON.h"; sourceTree = "<group>"; };
		60707FDB2CB66D28004C8578 /* NSDictionary+JSON.m */ = {isa = PBXFileReference; fileEncoding = 4; lastKnownFileType = sourcecode.c.objc; path = "NSDictionary+JSON.m"; sourceTree = "<group>"; };
		60707FDC2CB66D28004C8578 /* NSError+WP.h */ = {isa = PBXFileReference; fileEncoding = 4; lastKnownFileType = sourcecode.c.h; path = "NSError+WP.h"; sourceTree = "<group>"; };
		60707FDD2CB66D28004C8578 /* NSError+WP.m */ = {isa = PBXFileReference; fileEncoding = 4; lastKnownFileType = sourcecode.c.objc; path = "NSError+WP.m"; sourceTree = "<group>"; };
		60707FDE2CB66D28004C8578 /* NSString+Base64URL.h */ = {isa = PBXFileReference; fileEncoding = 4; lastKnownFileType = sourcecode.c.h; path = "NSString+Base64URL.h"; sourceTree = "<group>"; };
		60707FDF2CB66D28004C8578 /* NSString+Base64URL.m */ = {isa = PBXFileReference; fileEncoding = 4; lastKnownFileType = sourcecode.c.objc; path = "NSString+Base64URL.m"; sourceTree = "<group>"; };
		60707FE02CB66D28004C8578 /* NSString+WP.h */ = {isa = PBXFileReference; fileEncoding = 4; lastKnownFileType = sourcecode.c.h; path = "NSString+WP.h"; sourceTree = "<group>"; };
		60707FE12CB66D28004C8578 /* NSString+WP.m */ = {isa = PBXFileReference; fileEncoding = 4; lastKnownFileType = sourcecode.c.objc; path = "NSString+WP.m"; sourceTree = "<group>"; };
		60707FE22CB66D28004C8578 /* RSA1_5.h */ = {isa = PBXFileReference; fileEncoding = 4; lastKnownFileType = sourcecode.c.h; path = RSA1_5.h; sourceTree = "<group>"; };
		60707FE32CB66D28004C8578 /* RSA1_5.m */ = {isa = PBXFileReference; fileEncoding = 4; lastKnownFileType = sourcecode.c.objc; path = RSA1_5.m; sourceTree = "<group>"; };
		60707FE42CB66D28004C8578 /* WorldpayCSE.h */ = {isa = PBXFileReference; fileEncoding = 4; lastKnownFileType = sourcecode.c.h; path = WorldpayCSE.h; sourceTree = "<group>"; };
		60707FE52CB66D28004C8578 /* WorldpayCSE.m */ = {isa = PBXFileReference; fileEncoding = 4; lastKnownFileType = sourcecode.c.objc; path = WorldpayCSE.m; sourceTree = "<group>"; };
		60707FE62CB66D28004C8578 /* WPAESEncrypter.h */ = {isa = PBXFileReference; fileEncoding = 4; lastKnownFileType = sourcecode.c.h; path = WPAESEncrypter.h; sourceTree = "<group>"; };
		60707FE72CB66D28004C8578 /* WPAESEncrypter.m */ = {isa = PBXFileReference; fileEncoding = 4; lastKnownFileType = sourcecode.c.objc; path = WPAESEncrypter.m; sourceTree = "<group>"; };
		60707FE82CB66D28004C8578 /* WPCardData.h */ = {isa = PBXFileReference; fileEncoding = 4; lastKnownFileType = sourcecode.c.h; path = WPCardData.h; sourceTree = "<group>"; };
		60707FE92CB66D28004C8578 /* WPCardData.m */ = {isa = PBXFileReference; fileEncoding = 4; lastKnownFileType = sourcecode.c.objc; path = WPCardData.m; sourceTree = "<group>"; };
		60707FEA2CB66D28004C8578 /* WPCardValidator.h */ = {isa = PBXFileReference; fileEncoding = 4; lastKnownFileType = sourcecode.c.h; path = WPCardValidator.h; sourceTree = "<group>"; };
		60707FEB2CB66D28004C8578 /* WPCardValidator.m */ = {isa = PBXFileReference; fileEncoding = 4; lastKnownFileType = sourcecode.c.objc; path = WPCardValidator.m; sourceTree = "<group>"; };
		60707FEC2CB66D28004C8578 /* WPConstants.h */ = {isa = PBXFileReference; fileEncoding = 4; lastKnownFileType = sourcecode.c.h; path = WPConstants.h; sourceTree = "<group>"; };
		60707FED2CB66D28004C8578 /* WPConstants.m */ = {isa = PBXFileReference; fileEncoding = 4; lastKnownFileType = sourcecode.c.objc; path = WPConstants.m; sourceTree = "<group>"; };
		60707FEE2CB66D28004C8578 /* WPCryptoUtils.h */ = {isa = PBXFileReference; fileEncoding = 4; lastKnownFileType = sourcecode.c.h; path = WPCryptoUtils.h; sourceTree = "<group>"; };
		60707FEF2CB66D28004C8578 /* WPCryptoUtils.m */ = {isa = PBXFileReference; fileEncoding = 4; lastKnownFileType = sourcecode.c.objc; path = WPCryptoUtils.m; sourceTree = "<group>"; };
		60707FF02CB66D28004C8578 /* WPErrorCodes.h */ = {isa = PBXFileReference; fileEncoding = 4; lastKnownFileType = sourcecode.c.h; path = WPErrorCodes.h; sourceTree = "<group>"; };
		60707FF12CB66D28004C8578 /* WPJWEHeader.h */ = {isa = PBXFileReference; fileEncoding = 4; lastKnownFileType = sourcecode.c.h; path = WPJWEHeader.h; sourceTree = "<group>"; };
		60707FF22CB66D28004C8578 /* WPJWEHeader.m */ = {isa = PBXFileReference; fileEncoding = 4; lastKnownFileType = sourcecode.c.objc; path = WPJWEHeader.m; sourceTree = "<group>"; };
		60707FF32CB66D28004C8578 /* WPJWEObject.h */ = {isa = PBXFileReference; fileEncoding = 4; lastKnownFileType = sourcecode.c.h; path = WPJWEObject.h; sourceTree = "<group>"; };
		60707FF42CB66D28004C8578 /* WPJWEObject.m */ = {isa = PBXFileReference; fileEncoding = 4; lastKnownFileType = sourcecode.c.objc; path = WPJWEObject.m; sourceTree = "<group>"; };
		60707FF52CB66D28004C8578 /* WPKeyGen.h */ = {isa = PBXFileReference; fileEncoding = 4; lastKnownFileType = sourcecode.c.h; path = WPKeyGen.h; sourceTree = "<group>"; };
		60707FF62CB66D28004C8578 /* WPKeyGen.m */ = {isa = PBXFileReference; fileEncoding = 4; lastKnownFileType = sourcecode.c.objc; path = WPKeyGen.m; sourceTree = "<group>"; };
		60707FF72CB66D28004C8578 /* WPPublicKey.h */ = {isa = PBXFileReference; fileEncoding = 4; lastKnownFileType = sourcecode.c.h; path = WPPublicKey.h; sourceTree = "<group>"; };
		60707FF82CB66D28004C8578 /* WPPublicKey.m */ = {isa = PBXFileReference; fileEncoding = 4; lastKnownFileType = sourcecode.c.objc; path = WPPublicKey.m; sourceTree = "<group>"; };
		60707FF92CB66D28004C8578 /* WPRSAEncrypter.h */ = {isa = PBXFileReference; fileEncoding = 4; lastKnownFileType = sourcecode.c.h; path = WPRSAEncrypter.h; sourceTree = "<group>"; };
		60707FFA2CB66D28004C8578 /* WPRSAEncrypter.m */ = {isa = PBXFileReference; fileEncoding = 4; lastKnownFileType = sourcecode.c.objc; path = WPRSAEncrypter.m; sourceTree = "<group>"; };
		769D8AEA1D22D918009B0AB6 /* WorldpayCSE.framework */ = {isa = PBXFileReference; explicitFileType = wrapper.framework; includeInIndex = 0; path = WorldpayCSE.framework; sourceTree = BUILT_PRODUCTS_DIR; };
		769D8AF41D22D918009B0AB6 /* WorldpayCSETests.xctest */ = {isa = PBXFileReference; explicitFileType = wrapper.cfbundle; includeInIndex = 0; path = WorldpayCSETests.xctest; sourceTree = BUILT_PRODUCTS_DIR; };
		769D8AF91D22D918009B0AB6 /* WorldpayCSETests.m */ = {isa = PBXFileReference; lastKnownFileType = sourcecode.c.objc; path = WorldpayCSETests.m; sourceTree = "<group>"; };
		769D8AFB1D22D918009B0AB6 /* Info.plist */ = {isa = PBXFileReference; lastKnownFileType = text.plist.xml; path = Info.plist; sourceTree = "<group>"; };
		769D8B041D22D9B4009B0AB6 /* WPCardValidatorTests.m */ = {isa = PBXFileReference; fileEncoding = 4; lastKnownFileType = sourcecode.c.objc; path = WPCardValidatorTests.m; sourceTree = "<group>"; };
		769D8B061D22D9B4009B0AB6 /* WPCardDataTests.m */ = {isa = PBXFileReference; fileEncoding = 4; lastKnownFileType = sourcecode.c.objc; path = WPCardDataTests.m; sourceTree = "<group>"; };
		769D8B071D22D9B4009B0AB6 /* WPJWEHeaderTests.m */ = {isa = PBXFileReference; fileEncoding = 4; lastKnownFileType = sourcecode.c.objc; path = WPJWEHeaderTests.m; sourceTree = "<group>"; };
		769D8B091D22D9B4009B0AB6 /* WPJWEObjectTests.m */ = {isa = PBXFileReference; fileEncoding = 4; lastKnownFileType = sourcecode.c.objc; path = WPJWEObjectTests.m; sourceTree = "<group>"; };
		769D8B0B1D22D9B4009B0AB6 /* AESGSMTests.m */ = {isa = PBXFileReference; fileEncoding = 4; lastKnownFileType = sourcecode.c.objc; path = AESGSMTests.m; sourceTree = "<group>"; };
		769D8B0C1D22D9B4009B0AB6 /* RSA1_5Tests.m */ = {isa = PBXFileReference; fileEncoding = 4; lastKnownFileType = sourcecode.c.objc; path = RSA1_5Tests.m; sourceTree = "<group>"; };
		769D8B0D1D22D9B4009B0AB6 /* WPAESEncrypterTests.m */ = {isa = PBXFileReference; fileEncoding = 4; lastKnownFileType = sourcecode.c.objc; path = WPAESEncrypterTests.m; sourceTree = "<group>"; };
		769D8B0E1D22D9B4009B0AB6 /* WPCryptoUtilsTests.m */ = {isa = PBXFileReference; fileEncoding = 4; lastKnownFileType = sourcecode.c.objc; path = WPCryptoUtilsTests.m; sourceTree = "<group>"; };
		769D8B0F1D22D9B4009B0AB6 /* WPKeyGenTests.m */ = {isa = PBXFileReference; fileEncoding = 4; lastKnownFileType = sourcecode.c.objc; path = WPKeyGenTests.m; sourceTree = "<group>"; };
		769D8B101D22D9B4009B0AB6 /* WPPrivateKey.h */ = {isa = PBXFileReference; fileEncoding = 4; lastKnownFileType = sourcecode.c.h; path = WPPrivateKey.h; sourceTree = "<group>"; };
		769D8B111D22D9B4009B0AB6 /* WPPrivateKey.m */ = {isa = PBXFileReference; fileEncoding = 4; lastKnownFileType = sourcecode.c.objc; path = WPPrivateKey.m; sourceTree = "<group>"; };
		769D8B121D22D9B4009B0AB6 /* WPRSAEncrypterTests.m */ = {isa = PBXFileReference; fileEncoding = 4; lastKnownFileType = sourcecode.c.objc; path = WPRSAEncrypterTests.m; sourceTree = "<group>"; };
		769D8B131D22D9B4009B0AB6 /* WPRSAPublicKeyTests.m */ = {isa = PBXFileReference; fileEncoding = 4; lastKnownFileType = sourcecode.c.objc; path = WPRSAPublicKeyTests.m; sourceTree = "<group>"; };
		769D8B151D22D9B4009B0AB6 /* NSDataBase64URLTests.m */ = {isa = PBXFileReference; fileEncoding = 4; lastKnownFileType = sourcecode.c.objc; path = NSDataBase64URLTests.m; sourceTree = "<group>"; };
		769D8B161D22D9B4009B0AB6 /* NSDictionaryJSONTests.m */ = {isa = PBXFileReference; fileEncoding = 4; lastKnownFileType = sourcecode.c.objc; path = NSDictionaryJSONTests.m; sourceTree = "<group>"; };
		769D8B171D22D9B4009B0AB6 /* NSErrorWPTests.m */ = {isa = PBXFileReference; fileEncoding = 4; lastKnownFileType = sourcecode.c.objc; path = NSErrorWPTests.m; sourceTree = "<group>"; };
		769D8B181D22D9B4009B0AB6 /* NSStringBase64URLTests.m */ = {isa = PBXFileReference; fileEncoding = 4; lastKnownFileType = sourcecode.c.objc; path = NSStringBase64URLTests.m; sourceTree = "<group>"; };
		769D8B191D22D9B4009B0AB6 /* NSStringWP.m */ = {isa = PBXFileReference; fileEncoding = 4; lastKnownFileType = sourcecode.c.objc; path = NSStringWP.m; sourceTree = "<group>"; };
		7E2895A37C63E0A5F3508AB3 /* Pods-WorldpayCSETests.debug.xcconfig */ = {isa = PBXFileReference; includeInIndex = 1; lastKnownFileType = text.xcconfig; name = "Pods-WorldpayCSETests.debug.xcconfig"; path = "Pods/Target Support Files/Pods-WorldpayCSETests/Pods-WorldpayCSETests.debug.xcconfig"; sourceTree = "<group>"; };
		942EEF679CA7CD0EEE8A0340 /* libPods-WorldpayCSE.a */ = {isa = PBXFileReference; explicitFileType = archive.ar; includeInIndex = 0; path = "libPods-WorldpayCSE.a"; sourceTree = BUILT_PRODUCTS_DIR; };
		CEAA4B525B188995F670094C /* Pods-WorldpayCSETests.release.xcconfig */ = {isa = PBXFileReference; includeInIndex = 1; lastKnownFileType = text.xcconfig; name = "Pods-WorldpayCSETests.release.xcconfig"; path = "Pods/Target Support Files/Pods-WorldpayCSETests/Pods-WorldpayCSETests.release.xcconfig"; sourceTree = "<group>"; };
/* End PBXFileReference section */

/* Begin PBXFrameworksBuildPhase section */
		769D8AE61D22D918009B0AB6 /* Frameworks */ = {
			isa = PBXFrameworksBuildPhase;
			buildActionMask = 2147483647;
			files = (
				C5F4B0B679C62D418961A063 /* libPods-WorldpayCSE.a in Frameworks */,
				6051F88A2CB6632700709BC3 /* OpenSSL in Frameworks */,
			);
			runOnlyForDeploymentPostprocessing = 0;
		};
		769D8AF11D22D918009B0AB6 /* Frameworks */ = {
			isa = PBXFrameworksBuildPhase;
			buildActionMask = 2147483647;
			files = (
				769D8AF51D22D918009B0AB6 /* WorldpayCSE.framework in Frameworks */,
				4A111211A71CB60149AD4601 /* libPods-WorldpayCSETests.a in Frameworks */,
			);
			runOnlyForDeploymentPostprocessing = 0;
		};
/* End PBXFrameworksBuildPhase section */

/* Begin PBXGroup section */
		60707FFB2CB66D28004C8578 /* include */ = {
			isa = PBXGroup;
			children = (
				60707FD62CB66D28004C8578 /* AESGCM.h */,
				60707FD72CB66D28004C8578 /* AESGCM.m */,
				60707FD82CB66D28004C8578 /* NSData+Base64URL.h */,
				60707FD92CB66D28004C8578 /* NSData+Base64URL.m */,
				60707FDA2CB66D28004C8578 /* NSDictionary+JSON.h */,
				60707FDB2CB66D28004C8578 /* NSDictionary+JSON.m */,
				60707FDC2CB66D28004C8578 /* NSError+WP.h */,
				60707FDD2CB66D28004C8578 /* NSError+WP.m */,
				60707FDE2CB66D28004C8578 /* NSString+Base64URL.h */,
				60707FDF2CB66D28004C8578 /* NSString+Base64URL.m */,
				60707FE02CB66D28004C8578 /* NSString+WP.h */,
				60707FE12CB66D28004C8578 /* NSString+WP.m */,
				60707FE22CB66D28004C8578 /* RSA1_5.h */,
				60707FE32CB66D28004C8578 /* RSA1_5.m */,
				60707FE42CB66D28004C8578 /* WorldpayCSE.h */,
				60707FE52CB66D28004C8578 /* WorldpayCSE.m */,
				60707FE62CB66D28004C8578 /* WPAESEncrypter.h */,
				60707FE72CB66D28004C8578 /* WPAESEncrypter.m */,
				60707FE82CB66D28004C8578 /* WPCardData.h */,
				60707FE92CB66D28004C8578 /* WPCardData.m */,
				60707FEA2CB66D28004C8578 /* WPCardValidator.h */,
				60707FEB2CB66D28004C8578 /* WPCardValidator.m */,
				60707FEC2CB66D28004C8578 /* WPConstants.h */,
				60707FED2CB66D28004C8578 /* WPConstants.m */,
				60707FEE2CB66D28004C8578 /* WPCryptoUtils.h */,
				60707FEF2CB66D28004C8578 /* WPCryptoUtils.m */,
				60707FF02CB66D28004C8578 /* WPErrorCodes.h */,
				60707FF12CB66D28004C8578 /* WPJWEHeader.h */,
				60707FF22CB66D28004C8578 /* WPJWEHeader.m */,
				60707FF32CB66D28004C8578 /* WPJWEObject.h */,
				60707FF42CB66D28004C8578 /* WPJWEObject.m */,
				60707FF52CB66D28004C8578 /* WPKeyGen.h */,
				60707FF62CB66D28004C8578 /* WPKeyGen.m */,
				60707FF72CB66D28004C8578 /* WPPublicKey.h */,
				60707FF82CB66D28004C8578 /* WPPublicKey.m */,
				60707FF92CB66D28004C8578 /* WPRSAEncrypter.h */,
				60707FFA2CB66D28004C8578 /* WPRSAEncrypter.m */,
			);
			name = include;
			path = ../../Sources/WorldpayCSE/include;
			sourceTree = "<group>";
		};
		769D8AE01D22D918009B0AB6 = {
			isa = PBXGroup;
			children = (
				769D8AEC1D22D918009B0AB6 /* WorldpayCSE */,
				769D8AF81D22D918009B0AB6 /* WorldpayCSETests */,
				769D8AEB1D22D918009B0AB6 /* Products */,
				813C9AADCB1F84DC705825A3 /* Pods */,
				776912F81B5FDC63AD02E87A /* Frameworks */,
			);
			sourceTree = "<group>";
		};
		769D8AEB1D22D918009B0AB6 /* Products */ = {
			isa = PBXGroup;
			children = (
				769D8AEA1D22D918009B0AB6 /* WorldpayCSE.framework */,
				769D8AF41D22D918009B0AB6 /* WorldpayCSETests.xctest */,
			);
			name = Products;
			sourceTree = "<group>";
		};
		769D8AEC1D22D918009B0AB6 /* WorldpayCSE */ = {
			isa = PBXGroup;
			children = (
				60707FFB2CB66D28004C8578 /* include */,
			);
			path = WorldpayCSE;
			sourceTree = "<group>";
		};
		769D8AF81D22D918009B0AB6 /* WorldpayCSETests */ = {
			isa = PBXGroup;
			children = (
				769D8B041D22D9B4009B0AB6 /* WPCardValidatorTests.m */,
				769D8B051D22D9B4009B0AB6 /* model */,
				769D8B081D22D9B4009B0AB6 /* jwe */,
				769D8B0A1D22D9B4009B0AB6 /* crypto */,
				769D8B141D22D9B4009B0AB6 /* categories */,
				769D8AF91D22D918009B0AB6 /* WorldpayCSETests.m */,
				769D8AFB1D22D918009B0AB6 /* Info.plist */,
			);
			path = WorldpayCSETests;
			sourceTree = "<group>";
		};
		769D8B051D22D9B4009B0AB6 /* model */ = {
			isa = PBXGroup;
			children = (
				769D8B061D22D9B4009B0AB6 /* WPCardDataTests.m */,
				769D8B071D22D9B4009B0AB6 /* WPJWEHeaderTests.m */,
			);
			path = model;
			sourceTree = "<group>";
		};
		769D8B081D22D9B4009B0AB6 /* jwe */ = {
			isa = PBXGroup;
			children = (
				769D8B091D22D9B4009B0AB6 /* WPJWEObjectTests.m */,
			);
			path = jwe;
			sourceTree = "<group>";
		};
		769D8B0A1D22D9B4009B0AB6 /* crypto */ = {
			isa = PBXGroup;
			children = (
				769D8B0B1D22D9B4009B0AB6 /* AESGSMTests.m */,
				769D8B0C1D22D9B4009B0AB6 /* RSA1_5Tests.m */,
				769D8B0D1D22D9B4009B0AB6 /* WPAESEncrypterTests.m */,
				769D8B0E1D22D9B4009B0AB6 /* WPCryptoUtilsTests.m */,
				769D8B0F1D22D9B4009B0AB6 /* WPKeyGenTests.m */,
				769D8B101D22D9B4009B0AB6 /* WPPrivateKey.h */,
				769D8B111D22D9B4009B0AB6 /* WPPrivateKey.m */,
				769D8B121D22D9B4009B0AB6 /* WPRSAEncrypterTests.m */,
				769D8B131D22D9B4009B0AB6 /* WPRSAPublicKeyTests.m */,
			);
			path = crypto;
			sourceTree = "<group>";
		};
		769D8B141D22D9B4009B0AB6 /* categories */ = {
			isa = PBXGroup;
			children = (
				769D8B151D22D9B4009B0AB6 /* NSDataBase64URLTests.m */,
				769D8B161D22D9B4009B0AB6 /* NSDictionaryJSONTests.m */,
				769D8B171D22D9B4009B0AB6 /* NSErrorWPTests.m */,
				769D8B181D22D9B4009B0AB6 /* NSStringBase64URLTests.m */,
				769D8B191D22D9B4009B0AB6 /* NSStringWP.m */,
			);
			path = categories;
			sourceTree = "<group>";
		};
		776912F81B5FDC63AD02E87A /* Frameworks */ = {
			isa = PBXGroup;
			children = (
				942EEF679CA7CD0EEE8A0340 /* libPods-WorldpayCSE.a */,
				56EC649C909BAFE2F4B329E1 /* libPods-WorldpayCSETests.a */,
			);
			name = Frameworks;
			sourceTree = "<group>";
		};
		813C9AADCB1F84DC705825A3 /* Pods */ = {
			isa = PBXGroup;
			children = (
				056A333515782B922A2D5C9A /* Pods-WorldpayCSE.debug.xcconfig */,
				43089A58822E656A099371DC /* Pods-WorldpayCSE.release.xcconfig */,
				7E2895A37C63E0A5F3508AB3 /* Pods-WorldpayCSETests.debug.xcconfig */,
				CEAA4B525B188995F670094C /* Pods-WorldpayCSETests.release.xcconfig */,
			);
			name = Pods;
			sourceTree = "<group>";
		};
/* End PBXGroup section */

/* Begin PBXHeadersBuildPhase section */
		769D8AE71D22D918009B0AB6 /* Headers */ = {
			isa = PBXHeadersBuildPhase;
			buildActionMask = 2147483647;
			files = (
				6070800C2CB66D28004C8578 /* WPAESEncrypter.h in Headers */,
				6070801B2CB66D28004C8578 /* WPKeyGen.h in Headers */,
				6070800A2CB66D28004C8578 /* WorldpayCSE.h in Headers */,
				607080102CB66D28004C8578 /* WPCardValidator.h in Headers */,
				607080162CB66D28004C8578 /* WPErrorCodes.h in Headers */,
				60707FFE2CB66D28004C8578 /* NSData+Base64URL.h in Headers */,
				6070801D2CB66D28004C8578 /* WPPublicKey.h in Headers */,
				607080172CB66D28004C8578 /* WPJWEHeader.h in Headers */,
				6070800E2CB66D28004C8578 /* WPCardData.h in Headers */,
				607080192CB66D28004C8578 /* WPJWEObject.h in Headers */,
				6070801F2CB66D28004C8578 /* WPRSAEncrypter.h in Headers */,
				607080062CB66D28004C8578 /* NSString+WP.h in Headers */,
				607080082CB66D28004C8578 /* RSA1_5.h in Headers */,
				60707FFC2CB66D28004C8578 /* AESGCM.h in Headers */,
				607080002CB66D28004C8578 /* NSDictionary+JSON.h in Headers */,
				607080142CB66D28004C8578 /* WPCryptoUtils.h in Headers */,
				607080022CB66D28004C8578 /* NSError+WP.h in Headers */,
				607080042CB66D28004C8578 /* NSString+Base64URL.h in Headers */,
				607080122CB66D28004C8578 /* WPConstants.h in Headers */,
			);
			runOnlyForDeploymentPostprocessing = 0;
		};
/* End PBXHeadersBuildPhase section */

/* Begin PBXNativeTarget section */
		769D8AE91D22D918009B0AB6 /* WorldpayCSE */ = {
			isa = PBXNativeTarget;
			buildConfigurationList = 769D8AFE1D22D918009B0AB6 /* Build configuration list for PBXNativeTarget "WorldpayCSE" */;
			buildPhases = (
				3E87D34A8BC5F7E7D4FB311B /* [CP] Check Pods Manifest.lock */,
				769D8AE51D22D918009B0AB6 /* Sources */,
				769D8AE61D22D918009B0AB6 /* Frameworks */,
				769D8AE71D22D918009B0AB6 /* Headers */,
				769D8AE81D22D918009B0AB6 /* Resources */,
				0FA22D9754AC4216F89CEADA /* [CP] Copy Pods Resources */,
			);
			buildRules = (
			);
			dependencies = (
			);
			name = WorldpayCSE;
			packageProductDependencies = (
				6051F8892CB6632700709BC3 /* OpenSSL */,
			);
			productName = WorldpayCSE;
			productReference = 769D8AEA1D22D918009B0AB6 /* WorldpayCSE.framework */;
			productType = "com.apple.product-type.framework";
		};
		769D8AF31D22D918009B0AB6 /* WorldpayCSETests */ = {
			isa = PBXNativeTarget;
			buildConfigurationList = 769D8B011D22D918009B0AB6 /* Build configuration list for PBXNativeTarget "WorldpayCSETests" */;
			buildPhases = (
				555F64B6AC9FF7683A0DE775 /* [CP] Check Pods Manifest.lock */,
				769D8AF01D22D918009B0AB6 /* Sources */,
				769D8AF11D22D918009B0AB6 /* Frameworks */,
				769D8AF21D22D918009B0AB6 /* Resources */,
				BC2F38EA5CA64840A60490E1 /* [CP] Embed Pods Frameworks */,
				3A6D9B49FF5905F8031F5AC5 /* [CP] Copy Pods Resources */,
			);
			buildRules = (
			);
			dependencies = (
				769D8AF71D22D918009B0AB6 /* PBXTargetDependency */,
			);
			name = WorldpayCSETests;
			productName = WorldpayCSETests;
			productReference = 769D8AF41D22D918009B0AB6 /* WorldpayCSETests.xctest */;
			productType = "com.apple.product-type.bundle.unit-test";
		};
/* End PBXNativeTarget section */

/* Begin PBXProject section */
		769D8AE11D22D918009B0AB6 /* Project object */ = {
			isa = PBXProject;
			attributes = {
				LastUpgradeCheck = 0730;
				ORGANIZATIONNAME = Worldpay;
				TargetAttributes = {
					769D8AE91D22D918009B0AB6 = {
						CreatedOnToolsVersion = 7.3.1;
					};
					769D8AF31D22D918009B0AB6 = {
						CreatedOnToolsVersion = 7.3.1;
					};
				};
			};
			buildConfigurationList = 769D8AE41D22D918009B0AB6 /* Build configuration list for PBXProject "WorldpayCSE" */;
			compatibilityVersion = "Xcode 3.2";
			developmentRegion = English;
			hasScannedForEncodings = 0;
			knownRegions = (
				English,
				en,
			);
			mainGroup = 769D8AE01D22D918009B0AB6;
			packageReferences = (
				6051F8882CB6632700709BC3 /* XCRemoteSwiftPackageReference "OpenSSL" */,
			);
			productRefGroup = 769D8AEB1D22D918009B0AB6 /* Products */;
			projectDirPath = "";
			projectRoot = "";
			targets = (
				769D8AE91D22D918009B0AB6 /* WorldpayCSE */,
				769D8AF31D22D918009B0AB6 /* WorldpayCSETests */,
			);
		};
/* End PBXProject section */

/* Begin PBXResourcesBuildPhase section */
		769D8AE81D22D918009B0AB6 /* Resources */ = {
			isa = PBXResourcesBuildPhase;
			buildActionMask = 2147483647;
			files = (
			);
			runOnlyForDeploymentPostprocessing = 0;
		};
		769D8AF21D22D918009B0AB6 /* Resources */ = {
			isa = PBXResourcesBuildPhase;
			buildActionMask = 2147483647;
			files = (
			);
			runOnlyForDeploymentPostprocessing = 0;
		};
/* End PBXResourcesBuildPhase section */

/* Begin PBXShellScriptBuildPhase section */
		0FA22D9754AC4216F89CEADA /* [CP] Copy Pods Resources */ = {
			isa = PBXShellScriptBuildPhase;
			buildActionMask = 2147483647;
			files = (
			);
			inputPaths = (
			);
			name = "[CP] Copy Pods Resources";
			outputPaths = (
			);
			runOnlyForDeploymentPostprocessing = 0;
			shellPath = /bin/sh;
			shellScript = "\"${SRCROOT}/Pods/Target Support Files/Pods-WorldpayCSE/Pods-WorldpayCSE-resources.sh\"\n";
			showEnvVarsInLog = 0;
		};
		3A6D9B49FF5905F8031F5AC5 /* [CP] Copy Pods Resources */ = {
			isa = PBXShellScriptBuildPhase;
			buildActionMask = 2147483647;
			files = (
			);
			inputPaths = (
			);
			name = "[CP] Copy Pods Resources";
			outputPaths = (
			);
			runOnlyForDeploymentPostprocessing = 0;
			shellPath = /bin/sh;
			shellScript = "\"${SRCROOT}/Pods/Target Support Files/Pods-WorldpayCSETests/Pods-WorldpayCSETests-resources.sh\"\n";
			showEnvVarsInLog = 0;
		};
		3E87D34A8BC5F7E7D4FB311B /* [CP] Check Pods Manifest.lock */ = {
			isa = PBXShellScriptBuildPhase;
			buildActionMask = 2147483647;
			files = (
			);
			inputPaths = (
			);
			name = "[CP] Check Pods Manifest.lock";
			outputPaths = (
			);
			runOnlyForDeploymentPostprocessing = 0;
			shellPath = /bin/sh;
			shellScript = "diff \"${PODS_ROOT}/../Podfile.lock\" \"${PODS_ROOT}/Manifest.lock\" > /dev/null\nif [[ $? != 0 ]] ; then\n    cat << EOM\nerror: The sandbox is not in sync with the Podfile.lock. Run 'pod install' or update your CocoaPods installation.\nEOM\n    exit 1\nfi\n";
			showEnvVarsInLog = 0;
		};
		555F64B6AC9FF7683A0DE775 /* [CP] Check Pods Manifest.lock */ = {
			isa = PBXShellScriptBuildPhase;
			buildActionMask = 2147483647;
			files = (
			);
			inputPaths = (
			);
			name = "[CP] Check Pods Manifest.lock";
			outputPaths = (
			);
			runOnlyForDeploymentPostprocessing = 0;
			shellPath = /bin/sh;
			shellScript = "diff \"${PODS_ROOT}/../Podfile.lock\" \"${PODS_ROOT}/Manifest.lock\" > /dev/null\nif [[ $? != 0 ]] ; then\n    cat << EOM\nerror: The sandbox is not in sync with the Podfile.lock. Run 'pod install' or update your CocoaPods installation.\nEOM\n    exit 1\nfi\n";
			showEnvVarsInLog = 0;
		};
		BC2F38EA5CA64840A60490E1 /* [CP] Embed Pods Frameworks */ = {
			isa = PBXShellScriptBuildPhase;
			buildActionMask = 2147483647;
			files = (
			);
			inputPaths = (
			);
			name = "[CP] Embed Pods Frameworks";
			outputPaths = (
			);
			runOnlyForDeploymentPostprocessing = 0;
			shellPath = /bin/sh;
			shellScript = "\"${SRCROOT}/Pods/Target Support Files/Pods-WorldpayCSETests/Pods-WorldpayCSETests-frameworks.sh\"\n";
			showEnvVarsInLog = 0;
		};
/* End PBXShellScriptBuildPhase section */

/* Begin PBXSourcesBuildPhase section */
		769D8AE51D22D918009B0AB6 /* Sources */ = {
			isa = PBXSourcesBuildPhase;
			buildActionMask = 2147483647;
			files = (
				607080032CB66D28004C8578 /* NSError+WP.m in Sources */,
				60707FFD2CB66D28004C8578 /* AESGCM.m in Sources */,
				607080152CB66D28004C8578 /* WPCryptoUtils.m in Sources */,
				60707FFF2CB66D28004C8578 /* NSData+Base64URL.m in Sources */,
				607080012CB66D28004C8578 /* NSDictionary+JSON.m in Sources */,
				6070800D2CB66D28004C8578 /* WPAESEncrypter.m in Sources */,
				607080072CB66D28004C8578 /* NSString+WP.m in Sources */,
				6070800B2CB66D28004C8578 /* WorldpayCSE.m in Sources */,
				607080182CB66D28004C8578 /* WPJWEHeader.m in Sources */,
				607080052CB66D28004C8578 /* NSString+Base64URL.m in Sources */,
				607080202CB66D28004C8578 /* WPRSAEncrypter.m in Sources */,
				6070801A2CB66D28004C8578 /* WPJWEObject.m in Sources */,
				607080132CB66D28004C8578 /* WPConstants.m in Sources */,
				6070800F2CB66D28004C8578 /* WPCardData.m in Sources */,
				607080112CB66D28004C8578 /* WPCardValidator.m in Sources */,
				607080092CB66D28004C8578 /* RSA1_5.m in Sources */,
				6070801C2CB66D28004C8578 /* WPKeyGen.m in Sources */,
				6070801E2CB66D28004C8578 /* WPPublicKey.m in Sources */,
			);
			runOnlyForDeploymentPostprocessing = 0;
		};
		769D8AF01D22D918009B0AB6 /* Sources */ = {
			isa = PBXSourcesBuildPhase;
			buildActionMask = 2147483647;
			files = (
				769D8B2A1D22D9B4009B0AB6 /* NSStringWP.m in Sources */,
				769D8B281D22D9B4009B0AB6 /* NSErrorWPTests.m in Sources */,
				769D8B1B1D22D9B4009B0AB6 /* WPCardDataTests.m in Sources */,
				769D8B221D22D9B4009B0AB6 /* WPKeyGenTests.m in Sources */,
				769D8B291D22D9B4009B0AB6 /* NSStringBase64URLTests.m in Sources */,
				769D8B211D22D9B4009B0AB6 /* WPCryptoUtilsTests.m in Sources */,
				769D8B1F1D22D9B4009B0AB6 /* RSA1_5Tests.m in Sources */,
				769D8B241D22D9B4009B0AB6 /* WPRSAEncrypterTests.m in Sources */,
				769D8B261D22D9B4009B0AB6 /* NSDataBase64URLTests.m in Sources */,
				769D8B271D22D9B4009B0AB6 /* NSDictionaryJSONTests.m in Sources */,
				769D8AFA1D22D918009B0AB6 /* WorldpayCSETests.m in Sources */,
				769D8B1C1D22D9B4009B0AB6 /* WPJWEHeaderTests.m in Sources */,
				769D8B231D22D9B4009B0AB6 /* WPPrivateKey.m in Sources */,
				769D8B1A1D22D9B4009B0AB6 /* WPCardValidatorTests.m in Sources */,
				769D8B1D1D22D9B4009B0AB6 /* WPJWEObjectTests.m in Sources */,
				769D8B251D22D9B4009B0AB6 /* WPRSAPublicKeyTests.m in Sources */,
				769D8B1E1D22D9B4009B0AB6 /* AESGSMTests.m in Sources */,
				769D8B201D22D9B4009B0AB6 /* WPAESEncrypterTests.m in Sources */,
			);
			runOnlyForDeploymentPostprocessing = 0;
		};
/* End PBXSourcesBuildPhase section */

/* Begin PBXTargetDependency section */
		769D8AF71D22D918009B0AB6 /* PBXTargetDependency */ = {
			isa = PBXTargetDependency;
			target = 769D8AE91D22D918009B0AB6 /* WorldpayCSE */;
			targetProxy = 769D8AF61D22D918009B0AB6 /* PBXContainerItemProxy */;
		};
/* End PBXTargetDependency section */

/* Begin XCBuildConfiguration section */
		769D8AFC1D22D918009B0AB6 /* Debug */ = {
			isa = XCBuildConfiguration;
			buildSettings = {
				ALWAYS_SEARCH_USER_PATHS = NO;
				CLANG_ANALYZER_NONNULL = YES;
				CLANG_CXX_LANGUAGE_STANDARD = "gnu++0x";
				CLANG_CXX_LIBRARY = "libc++";
				CLANG_ENABLE_MODULES = YES;
				CLANG_ENABLE_OBJC_ARC = YES;
				CLANG_WARN_BOOL_CONVERSION = YES;
				CLANG_WARN_CONSTANT_CONVERSION = YES;
				CLANG_WARN_DIRECT_OBJC_ISA_USAGE = YES_ERROR;
				CLANG_WARN_EMPTY_BODY = YES;
				CLANG_WARN_ENUM_CONVERSION = YES;
				CLANG_WARN_INT_CONVERSION = YES;
				CLANG_WARN_OBJC_ROOT_CLASS = YES_ERROR;
				CLANG_WARN_UNREACHABLE_CODE = YES;
				CLANG_WARN__DUPLICATE_METHOD_MATCH = YES;
				"CODE_SIGN_IDENTITY[sdk=iphoneos*]" = "iPhone Developer";
				COPY_PHASE_STRIP = NO;
				CURRENT_PROJECT_VERSION = 1;
				DEBUG_INFORMATION_FORMAT = dwarf;
				ENABLE_STRICT_OBJC_MSGSEND = YES;
				ENABLE_TESTABILITY = YES;
				FRAMEWORK_SEARCH_PATHS = "";
				GCC_C_LANGUAGE_STANDARD = gnu99;
				GCC_DYNAMIC_NO_PIC = NO;
				GCC_NO_COMMON_BLOCKS = YES;
				GCC_OPTIMIZATION_LEVEL = 0;
				GCC_PREPROCESSOR_DEFINITIONS = (
					"DEBUG=1",
					"$(inherited)",
				);
				GCC_WARN_64_TO_32_BIT_CONVERSION = YES;
				GCC_WARN_ABOUT_RETURN_TYPE = YES_ERROR;
				GCC_WARN_UNDECLARED_SELECTOR = YES;
				GCC_WARN_UNINITIALIZED_AUTOS = YES_AGGRESSIVE;
				GCC_WARN_UNUSED_FUNCTION = YES;
				GCC_WARN_UNUSED_VARIABLE = YES;
				HEADER_SEARCH_PATHS = "";
				IPHONEOS_DEPLOYMENT_TARGET = 9.3;
				MTL_ENABLE_DEBUG_INFO = YES;
				ONLY_ACTIVE_ARCH = YES;
				OTHER_LDFLAGS = "";
				SDKROOT = iphoneos;
				TARGETED_DEVICE_FAMILY = "1,2";
				VERSIONING_SYSTEM = "apple-generic";
				VERSION_INFO_PREFIX = "";
			};
			name = Debug;
		};
		769D8AFD1D22D918009B0AB6 /* Release */ = {
			isa = XCBuildConfiguration;
			buildSettings = {
				ALWAYS_SEARCH_USER_PATHS = NO;
				CLANG_ANALYZER_NONNULL = YES;
				CLANG_CXX_LANGUAGE_STANDARD = "gnu++0x";
				CLANG_CXX_LIBRARY = "libc++";
				CLANG_ENABLE_MODULES = YES;
				CLANG_ENABLE_OBJC_ARC = YES;
				CLANG_WARN_BOOL_CONVERSION = YES;
				CLANG_WARN_CONSTANT_CONVERSION = YES;
				CLANG_WARN_DIRECT_OBJC_ISA_USAGE = YES_ERROR;
				CLANG_WARN_EMPTY_BODY = YES;
				CLANG_WARN_ENUM_CONVERSION = YES;
				CLANG_WARN_INT_CONVERSION = YES;
				CLANG_WARN_OBJC_ROOT_CLASS = YES_ERROR;
				CLANG_WARN_UNREACHABLE_CODE = YES;
				CLANG_WARN__DUPLICATE_METHOD_MATCH = YES;
				"CODE_SIGN_IDENTITY[sdk=iphoneos*]" = "iPhone Developer";
				COPY_PHASE_STRIP = NO;
				CURRENT_PROJECT_VERSION = 1;
				DEBUG_INFORMATION_FORMAT = "dwarf-with-dsym";
				ENABLE_NS_ASSERTIONS = NO;
				ENABLE_STRICT_OBJC_MSGSEND = YES;
				FRAMEWORK_SEARCH_PATHS = "";
				GCC_C_LANGUAGE_STANDARD = gnu99;
				GCC_NO_COMMON_BLOCKS = YES;
				GCC_WARN_64_TO_32_BIT_CONVERSION = YES;
				GCC_WARN_ABOUT_RETURN_TYPE = YES_ERROR;
				GCC_WARN_UNDECLARED_SELECTOR = YES;
				GCC_WARN_UNINITIALIZED_AUTOS = YES_AGGRESSIVE;
				GCC_WARN_UNUSED_FUNCTION = YES;
				GCC_WARN_UNUSED_VARIABLE = YES;
				HEADER_SEARCH_PATHS = "";
				IPHONEOS_DEPLOYMENT_TARGET = 9.3;
				MTL_ENABLE_DEBUG_INFO = NO;
				OTHER_LDFLAGS = "";
				SDKROOT = iphoneos;
				TARGETED_DEVICE_FAMILY = "1,2";
				VALIDATE_PRODUCT = YES;
				VERSIONING_SYSTEM = "apple-generic";
				VERSION_INFO_PREFIX = "";
			};
			name = Release;
		};
		769D8AFF1D22D918009B0AB6 /* Debug */ = {
			isa = XCBuildConfiguration;
			baseConfigurationReference = 056A333515782B922A2D5C9A /* Pods-WorldpayCSE.debug.xcconfig */;
			buildSettings = {
				DEFINES_MODULE = YES;
				DYLIB_COMPATIBILITY_VERSION = 1;
				DYLIB_CURRENT_VERSION = 1;
				DYLIB_INSTALL_NAME_BASE = "@rpath";
				HEADER_SEARCH_PATHS = "$(inherited)";
				INFOPLIST_FILE = WorldpayCSE/Info.plist;
				INSTALL_PATH = "$(LOCAL_LIBRARY_DIR)/Frameworks";
				IPHONEOS_DEPLOYMENT_TARGET = 7.0;
				LD_RUNPATH_SEARCH_PATHS = (
					"$(inherited)",
					"@executable_path/Frameworks",
					"@loader_path/Frameworks",
				);
				MACH_O_TYPE = staticlib;
				OTHER_LDFLAGS = "$(inherited)";
				PRODUCT_BUNDLE_IDENTIFIER = com.worldpay.WorldpayCSE;
				PRODUCT_NAME = "$(TARGET_NAME)";
				SKIP_INSTALL = YES;
			};
			name = Debug;
		};
		769D8B001D22D918009B0AB6 /* Release */ = {
			isa = XCBuildConfiguration;
			baseConfigurationReference = 43089A58822E656A099371DC /* Pods-WorldpayCSE.release.xcconfig */;
			buildSettings = {
				DEFINES_MODULE = YES;
				DYLIB_COMPATIBILITY_VERSION = 1;
				DYLIB_CURRENT_VERSION = 1;
				DYLIB_INSTALL_NAME_BASE = "@rpath";
				HEADER_SEARCH_PATHS = "$(inherited)";
				INFOPLIST_FILE = WorldpayCSE/Info.plist;
				INSTALL_PATH = "$(LOCAL_LIBRARY_DIR)/Frameworks";
				IPHONEOS_DEPLOYMENT_TARGET = 7.0;
				LD_RUNPATH_SEARCH_PATHS = (
					"$(inherited)",
					"@executable_path/Frameworks",
					"@loader_path/Frameworks",
				);
				MACH_O_TYPE = staticlib;
				OTHER_LDFLAGS = "$(inherited)";
				PRODUCT_BUNDLE_IDENTIFIER = com.worldpay.WorldpayCSE;
				PRODUCT_NAME = "$(TARGET_NAME)";
				SKIP_INSTALL = YES;
			};
			name = Release;
		};
		769D8B021D22D918009B0AB6 /* Debug */ = {
			isa = XCBuildConfiguration;
			baseConfigurationReference = 7E2895A37C63E0A5F3508AB3 /* Pods-WorldpayCSETests.debug.xcconfig */;
			buildSettings = {
				INFOPLIST_FILE = WorldpayCSETests/Info.plist;
				LD_RUNPATH_SEARCH_PATHS = (
					"$(inherited)",
					"@executable_path/Frameworks",
					"@loader_path/Frameworks",
				);
				PRODUCT_BUNDLE_IDENTIFIER = com.worldpay.WorldpayCSETests;
				PRODUCT_NAME = "$(TARGET_NAME)";
			};
			name = Debug;
		};
		769D8B031D22D918009B0AB6 /* Release */ = {
			isa = XCBuildConfiguration;
			baseConfigurationReference = CEAA4B525B188995F670094C /* Pods-WorldpayCSETests.release.xcconfig */;
			buildSettings = {
				INFOPLIST_FILE = WorldpayCSETests/Info.plist;
				LD_RUNPATH_SEARCH_PATHS = (
					"$(inherited)",
					"@executable_path/Frameworks",
					"@loader_path/Frameworks",
				);
				PRODUCT_BUNDLE_IDENTIFIER = com.worldpay.WorldpayCSETests;
				PRODUCT_NAME = "$(TARGET_NAME)";
			};
			name = Release;
		};
/* End XCBuildConfiguration section */

/* Begin XCConfigurationList section */
		769D8AE41D22D918009B0AB6 /* Build configuration list for PBXProject "WorldpayCSE" */ = {
			isa = XCConfigurationList;
			buildConfigurations = (
				769D8AFC1D22D918009B0AB6 /* Debug */,
				769D8AFD1D22D918009B0AB6 /* Release */,
			);
			defaultConfigurationIsVisible = 0;
			defaultConfigurationName = Release;
		};
		769D8AFE1D22D918009B0AB6 /* Build configuration list for PBXNativeTarget "WorldpayCSE" */ = {
			isa = XCConfigurationList;
			buildConfigurations = (
				769D8AFF1D22D918009B0AB6 /* Debug */,
				769D8B001D22D918009B0AB6 /* Release */,
			);
			defaultConfigurationIsVisible = 0;
			defaultConfigurationName = Release;
		};
		769D8B011D22D918009B0AB6 /* Build configuration list for PBXNativeTarget "WorldpayCSETests" */ = {
			isa = XCConfigurationList;
			buildConfigurations = (
				769D8B021D22D918009B0AB6 /* Debug */,
				769D8B031D22D918009B0AB6 /* Release */,
			);
			defaultConfigurationIsVisible = 0;
			defaultConfigurationName = Release;
		};
/* End XCConfigurationList section */

/* Begin XCRemoteSwiftPackageReference section */
		6051F8882CB6632700709BC3 /* XCRemoteSwiftPackageReference "OpenSSL" */ = {
			isa = XCRemoteSwiftPackageReference;
			repositoryURL = "https://github.com/krzyzanowskim/OpenSSL.git";
			requirement = {
				kind = upToNextMajorVersion;
				minimumVersion = 3.3.2000;
			};
		};
/* End XCRemoteSwiftPackageReference section */

/* Begin XCSwiftPackageProductDependency section */
		6051F8892CB6632700709BC3 /* OpenSSL */ = {
			isa = XCSwiftPackageProductDependency;
			package = 6051F8882CB6632700709BC3 /* XCRemoteSwiftPackageReference "OpenSSL" */;
			productName = OpenSSL;
		};
/* End XCSwiftPackageProductDependency section */
	};
	rootObject = 769D8AE11D22D918009B0AB6 /* Project object */;
}
